// !$*UTF8*$!
{
	archiveVersion = 1;
	classes = {
	};
	objectVersion = 52;
	objects = {

/* Begin PBXBuildFile section */
		52ED9BC451720DCC8898AD64 /* Pods_MarvelApp_MarvelAppUITests.framework in Frameworks */ = {isa = PBXBuildFile; fileRef = 6593D690487B206F68E63301 /* Pods_MarvelApp_MarvelAppUITests.framework */; };
		60A997D331FF6F2598A590EF /* Pods_MarvelAppTests.framework in Frameworks */ = {isa = PBXBuildFile; fileRef = 73808093EC5EF7130491CA40 /* Pods_MarvelAppTests.framework */; };
		8867E93124892D3200F2648D /* AppDelegate.swift in Sources */ = {isa = PBXBuildFile; fileRef = 8867E93024892D3200F2648D /* AppDelegate.swift */; };
		8867E93324892D3200F2648D /* SceneDelegate.swift in Sources */ = {isa = PBXBuildFile; fileRef = 8867E93224892D3200F2648D /* SceneDelegate.swift */; };
		8867E93A24892D3200F2648D /* Assets.xcassets in Resources */ = {isa = PBXBuildFile; fileRef = 8867E93924892D3200F2648D /* Assets.xcassets */; };
		8867E93D24892D3200F2648D /* LaunchScreen.storyboard in Resources */ = {isa = PBXBuildFile; fileRef = 8867E93B24892D3200F2648D /* LaunchScreen.storyboard */; };
		8867E95324892D3300F2648D /* MarvelAppUITests.swift in Sources */ = {isa = PBXBuildFile; fileRef = 8867E95224892D3300F2648D /* MarvelAppUITests.swift */; };
		8867E972248934E200F2648D /* Models.swift in Sources */ = {isa = PBXBuildFile; fileRef = 8867E961248934E200F2648D /* Models.swift */; };
		8867E973248934E200F2648D /* DetailViewController.swift in Sources */ = {isa = PBXBuildFile; fileRef = 8867E964248934E200F2648D /* DetailViewController.swift */; };
		8867E974248934E200F2648D /* CollectionViewCell.swift in Sources */ = {isa = PBXBuildFile; fileRef = 8867E965248934E200F2648D /* CollectionViewCell.swift */; };
		8867E975248934E200F2648D /* TableViewCell.swift in Sources */ = {isa = PBXBuildFile; fileRef = 8867E967248934E200F2648D /* TableViewCell.swift */; };
		8867E976248934E200F2648D /* MasterViewModel.swift in Sources */ = {isa = PBXBuildFile; fileRef = 8867E968248934E200F2648D /* MasterViewModel.swift */; };
		8867E977248934E200F2648D /* MasterViewController.swift in Sources */ = {isa = PBXBuildFile; fileRef = 8867E969248934E200F2648D /* MasterViewController.swift */; };
		8867E978248934E200F2648D /* AppCoordinator.swift in Sources */ = {isa = PBXBuildFile; fileRef = 8867E96B248934E200F2648D /* AppCoordinator.swift */; };
		8867E979248934E200F2648D /* VCInstantiator.swift in Sources */ = {isa = PBXBuildFile; fileRef = 8867E96C248934E200F2648D /* VCInstantiator.swift */; };
		8867E97A248934E200F2648D /* Coordinator.swift in Sources */ = {isa = PBXBuildFile; fileRef = 8867E96D248934E200F2648D /* Coordinator.swift */; };
		8867E97B248934E200F2648D /* ApiService.swift in Sources */ = {isa = PBXBuildFile; fileRef = 8867E96F248934E200F2648D /* ApiService.swift */; };
		8867E97C248934E200F2648D /* MarvelApiConstants.swift in Sources */ = {isa = PBXBuildFile; fileRef = 8867E970248934E200F2648D /* MarvelApiConstants.swift */; };
		8867E97D248934E200F2648D /* FetchError.swift in Sources */ = {isa = PBXBuildFile; fileRef = 8867E971248934E200F2648D /* FetchError.swift */; };
		8867E97F2489350F00F2648D /* Main.storyboard in Resources */ = {isa = PBXBuildFile; fileRef = 8867E97E2489350F00F2648D /* Main.storyboard */; };
		8867E984248936FE00F2648D /* MasterViewModelTest.swift in Sources */ = {isa = PBXBuildFile; fileRef = 8867E981248936FE00F2648D /* MasterViewModelTest.swift */; platformFilter = ios; };
		8867E985248936FE00F2648D /* MarvelApiServiceTest.swift in Sources */ = {isa = PBXBuildFile; fileRef = 8867E982248936FE00F2648D /* MarvelApiServiceTest.swift */; platformFilter = ios; };
		8867E986248936FE00F2648D /* MockApiService.swift in Sources */ = {isa = PBXBuildFile; fileRef = 8867E983248936FE00F2648D /* MockApiService.swift */; platformFilter = ios; };
		DFA252A91E2DC3DBDAA065D8 /* Pods_MarvelApp.framework in Frameworks */ = {isa = PBXBuildFile; fileRef = 41A88615E195BEB781D36682 /* Pods_MarvelApp.framework */; };
/* End PBXBuildFile section */

/* Begin PBXContainerItemProxy section */
		8867E94424892D3300F2648D /* PBXContainerItemProxy */ = {
			isa = PBXContainerItemProxy;
			containerPortal = 8867E92524892D3200F2648D /* Project object */;
			proxyType = 1;
			remoteGlobalIDString = 8867E92C24892D3200F2648D;
			remoteInfo = MarvelApp;
		};
		8867E94F24892D3300F2648D /* PBXContainerItemProxy */ = {
			isa = PBXContainerItemProxy;
			containerPortal = 8867E92524892D3200F2648D /* Project object */;
			proxyType = 1;
			remoteGlobalIDString = 8867E92C24892D3200F2648D;
			remoteInfo = MarvelApp;
		};
/* End PBXContainerItemProxy section */

/* Begin PBXFileReference section */
		0496ED7EA99DA492D36919EA /* Pods-MarvelApp-MarvelAppUITests.debug.xcconfig */ = {isa = PBXFileReference; includeInIndex = 1; lastKnownFileType = text.xcconfig; name = "Pods-MarvelApp-MarvelAppUITests.debug.xcconfig"; path = "Target Support Files/Pods-MarvelApp-MarvelAppUITests/Pods-MarvelApp-MarvelAppUITests.debug.xcconfig"; sourceTree = "<group>"; };
		12C9EF47654D8CD84AAE6BE4 /* Pods-MarvelApp.debug.xcconfig */ = {isa = PBXFileReference; includeInIndex = 1; lastKnownFileType = text.xcconfig; name = "Pods-MarvelApp.debug.xcconfig"; path = "Target Support Files/Pods-MarvelApp/Pods-MarvelApp.debug.xcconfig"; sourceTree = "<group>"; };
		41A88615E195BEB781D36682 /* Pods_MarvelApp.framework */ = {isa = PBXFileReference; explicitFileType = wrapper.framework; includeInIndex = 0; path = Pods_MarvelApp.framework; sourceTree = BUILT_PRODUCTS_DIR; };
		53026212709303E6A47A16C1 /* Pods-MarvelAppTests.debug.xcconfig */ = {isa = PBXFileReference; includeInIndex = 1; lastKnownFileType = text.xcconfig; name = "Pods-MarvelAppTests.debug.xcconfig"; path = "Target Support Files/Pods-MarvelAppTests/Pods-MarvelAppTests.debug.xcconfig"; sourceTree = "<group>"; };
		627289F9C8513C57F5F3E59A /* Pods-MarvelAppTests.release.xcconfig */ = {isa = PBXFileReference; includeInIndex = 1; lastKnownFileType = text.xcconfig; name = "Pods-MarvelAppTests.release.xcconfig"; path = "Target Support Files/Pods-MarvelAppTests/Pods-MarvelAppTests.release.xcconfig"; sourceTree = "<group>"; };
		6593D690487B206F68E63301 /* Pods_MarvelApp_MarvelAppUITests.framework */ = {isa = PBXFileReference; explicitFileType = wrapper.framework; includeInIndex = 0; path = Pods_MarvelApp_MarvelAppUITests.framework; sourceTree = BUILT_PRODUCTS_DIR; };
		73808093EC5EF7130491CA40 /* Pods_MarvelAppTests.framework */ = {isa = PBXFileReference; explicitFileType = wrapper.framework; includeInIndex = 0; path = Pods_MarvelAppTests.framework; sourceTree = BUILT_PRODUCTS_DIR; };
		7D0FEF9CED57F791D8F9D34E /* Pods-MarvelApp-MarvelAppUITests.release.xcconfig */ = {isa = PBXFileReference; includeInIndex = 1; lastKnownFileType = text.xcconfig; name = "Pods-MarvelApp-MarvelAppUITests.release.xcconfig"; path = "Target Support Files/Pods-MarvelApp-MarvelAppUITests/Pods-MarvelApp-MarvelAppUITests.release.xcconfig"; sourceTree = "<group>"; };
		8867E92D24892D3200F2648D /* MarvelApp.app */ = {isa = PBXFileReference; explicitFileType = wrapper.application; includeInIndex = 0; path = MarvelApp.app; sourceTree = BUILT_PRODUCTS_DIR; };
		8867E93024892D3200F2648D /* AppDelegate.swift */ = {isa = PBXFileReference; lastKnownFileType = sourcecode.swift; path = AppDelegate.swift; sourceTree = "<group>"; };
		8867E93224892D3200F2648D /* SceneDelegate.swift */ = {isa = PBXFileReference; lastKnownFileType = sourcecode.swift; path = SceneDelegate.swift; sourceTree = "<group>"; };
		8867E93924892D3200F2648D /* Assets.xcassets */ = {isa = PBXFileReference; lastKnownFileType = folder.assetcatalog; path = Assets.xcassets; sourceTree = "<group>"; };
		8867E93C24892D3200F2648D /* Base */ = {isa = PBXFileReference; lastKnownFileType = file.storyboard; name = Base; path = Base.lproj/LaunchScreen.storyboard; sourceTree = "<group>"; };
		8867E93E24892D3200F2648D /* Info.plist */ = {isa = PBXFileReference; lastKnownFileType = text.plist.xml; path = Info.plist; sourceTree = "<group>"; };
		8867E94324892D3300F2648D /* MarvelAppTests.xctest */ = {isa = PBXFileReference; explicitFileType = wrapper.cfbundle; includeInIndex = 0; path = MarvelAppTests.xctest; sourceTree = BUILT_PRODUCTS_DIR; };
		8867E94924892D3300F2648D /* Info.plist */ = {isa = PBXFileReference; lastKnownFileType = text.plist.xml; path = Info.plist; sourceTree = "<group>"; };
		8867E94E24892D3300F2648D /* MarvelAppUITests.xctest */ = {isa = PBXFileReference; explicitFileType = wrapper.cfbundle; includeInIndex = 0; path = MarvelAppUITests.xctest; sourceTree = BUILT_PRODUCTS_DIR; };
		8867E95224892D3300F2648D /* MarvelAppUITests.swift */ = {isa = PBXFileReference; lastKnownFileType = sourcecode.swift; path = MarvelAppUITests.swift; sourceTree = "<group>"; };
		8867E95424892D3300F2648D /* Info.plist */ = {isa = PBXFileReference; lastKnownFileType = text.plist.xml; path = Info.plist; sourceTree = "<group>"; };
		8867E961248934E200F2648D /* Models.swift */ = {isa = PBXFileReference; fileEncoding = 4; lastKnownFileType = sourcecode.swift; path = Models.swift; sourceTree = "<group>"; };
		8867E964248934E200F2648D /* DetailViewController.swift */ = {isa = PBXFileReference; fileEncoding = 4; lastKnownFileType = sourcecode.swift; path = DetailViewController.swift; sourceTree = "<group>"; };
		8867E965248934E200F2648D /* CollectionViewCell.swift */ = {isa = PBXFileReference; fileEncoding = 4; lastKnownFileType = sourcecode.swift; path = CollectionViewCell.swift; sourceTree = "<group>"; };
		8867E967248934E200F2648D /* TableViewCell.swift */ = {isa = PBXFileReference; fileEncoding = 4; lastKnownFileType = sourcecode.swift; path = TableViewCell.swift; sourceTree = "<group>"; };
		8867E968248934E200F2648D /* MasterViewModel.swift */ = {isa = PBXFileReference; fileEncoding = 4; lastKnownFileType = sourcecode.swift; path = MasterViewModel.swift; sourceTree = "<group>"; };
		8867E969248934E200F2648D /* MasterViewController.swift */ = {isa = PBXFileReference; fileEncoding = 4; lastKnownFileType = sourcecode.swift; path = MasterViewController.swift; sourceTree = "<group>"; };
		8867E96B248934E200F2648D /* AppCoordinator.swift */ = {isa = PBXFileReference; fileEncoding = 4; lastKnownFileType = sourcecode.swift; path = AppCoordinator.swift; sourceTree = "<group>"; };
		8867E96C248934E200F2648D /* VCInstantiator.swift */ = {isa = PBXFileReference; fileEncoding = 4; lastKnownFileType = sourcecode.swift; path = VCInstantiator.swift; sourceTree = "<group>"; };
		8867E96D248934E200F2648D /* Coordinator.swift */ = {isa = PBXFileReference; fileEncoding = 4; lastKnownFileType = sourcecode.swift; path = Coordinator.swift; sourceTree = "<group>"; };
		8867E96F248934E200F2648D /* ApiService.swift */ = {isa = PBXFileReference; fileEncoding = 4; lastKnownFileType = sourcecode.swift; path = ApiService.swift; sourceTree = "<group>"; };
		8867E970248934E200F2648D /* MarvelApiConstants.swift */ = {isa = PBXFileReference; fileEncoding = 4; lastKnownFileType = sourcecode.swift; path = MarvelApiConstants.swift; sourceTree = "<group>"; };
		8867E971248934E200F2648D /* FetchError.swift */ = {isa = PBXFileReference; fileEncoding = 4; lastKnownFileType = sourcecode.swift; path = FetchError.swift; sourceTree = "<group>"; };
		8867E97E2489350F00F2648D /* Main.storyboard */ = {isa = PBXFileReference; fileEncoding = 4; lastKnownFileType = file.storyboard; path = Main.storyboard; sourceTree = "<group>"; };
		8867E981248936FE00F2648D /* MasterViewModelTest.swift */ = {isa = PBXFileReference; fileEncoding = 4; lastKnownFileType = sourcecode.swift; path = MasterViewModelTest.swift; sourceTree = "<group>"; };
		8867E982248936FE00F2648D /* MarvelApiServiceTest.swift */ = {isa = PBXFileReference; fileEncoding = 4; lastKnownFileType = sourcecode.swift; path = MarvelApiServiceTest.swift; sourceTree = "<group>"; };
		8867E983248936FE00F2648D /* MockApiService.swift */ = {isa = PBXFileReference; fileEncoding = 4; lastKnownFileType = sourcecode.swift; path = MockApiService.swift; sourceTree = "<group>"; };
		88C21FC5248C20B60046CF7B /* RxBlocking.framework */ = {isa = PBXFileReference; explicitFileType = wrapper.framework; path = RxBlocking.framework; sourceTree = BUILT_PRODUCTS_DIR; };
		88C21FC7248C20B60046CF7B /* RxCocoa.framework */ = {isa = PBXFileReference; explicitFileType = wrapper.framework; path = RxCocoa.framework; sourceTree = BUILT_PRODUCTS_DIR; };
		88C21FC9248C20B60046CF7B /* RxRelay.framework */ = {isa = PBXFileReference; explicitFileType = wrapper.framework; path = RxRelay.framework; sourceTree = BUILT_PRODUCTS_DIR; };
		88C21FCB248C20B60046CF7B /* RxSwift.framework */ = {isa = PBXFileReference; explicitFileType = wrapper.framework; path = RxSwift.framework; sourceTree = BUILT_PRODUCTS_DIR; };
		88C21FCD248C20B60046CF7B /* RxTest.framework */ = {isa = PBXFileReference; explicitFileType = wrapper.framework; path = RxTest.framework; sourceTree = BUILT_PRODUCTS_DIR; };
		88C21FD5248C20C80046CF7B /* RxBlocking.framework */ = {isa = PBXFileReference; explicitFileType = wrapper.framework; path = RxBlocking.framework; sourceTree = BUILT_PRODUCTS_DIR; };
		88C21FD7248C20C80046CF7B /* RxCocoa.framework */ = {isa = PBXFileReference; explicitFileType = wrapper.framework; path = RxCocoa.framework; sourceTree = BUILT_PRODUCTS_DIR; };
		88C21FD9248C20C80046CF7B /* RxRelay.framework */ = {isa = PBXFileReference; explicitFileType = wrapper.framework; path = RxRelay.framework; sourceTree = BUILT_PRODUCTS_DIR; };
		88C21FDB248C20C80046CF7B /* RxSwift.framework */ = {isa = PBXFileReference; explicitFileType = wrapper.framework; path = RxSwift.framework; sourceTree = BUILT_PRODUCTS_DIR; };
		88C21FDD248C20C80046CF7B /* RxTest.framework */ = {isa = PBXFileReference; explicitFileType = wrapper.framework; path = RxTest.framework; sourceTree = BUILT_PRODUCTS_DIR; };
		88C21FDF248C24EE0046CF7B /* Alamofire.framework */ = {isa = PBXFileReference; explicitFileType = wrapper.framework; path = Alamofire.framework; sourceTree = BUILT_PRODUCTS_DIR; };
		C859ECE32015037F38E36704 /* Pods-MarvelApp.release.xcconfig */ = {isa = PBXFileReference; includeInIndex = 1; lastKnownFileType = text.xcconfig; name = "Pods-MarvelApp.release.xcconfig"; path = "Target Support Files/Pods-MarvelApp/Pods-MarvelApp.release.xcconfig"; sourceTree = "<group>"; };
/* End PBXFileReference section */

/* Begin PBXFrameworksBuildPhase section */
		8867E92A24892D3200F2648D /* Frameworks */ = {
			isa = PBXFrameworksBuildPhase;
			buildActionMask = 2147483647;
			files = (
				DFA252A91E2DC3DBDAA065D8 /* Pods_MarvelApp.framework in Frameworks */,
			);
			runOnlyForDeploymentPostprocessing = 0;
		};
		8867E94024892D3300F2648D /* Frameworks */ = {
			isa = PBXFrameworksBuildPhase;
			buildActionMask = 2147483647;
			files = (
				60A997D331FF6F2598A590EF /* Pods_MarvelAppTests.framework in Frameworks */,
			);
			runOnlyForDeploymentPostprocessing = 0;
		};
		8867E94B24892D3300F2648D /* Frameworks */ = {
			isa = PBXFrameworksBuildPhase;
			buildActionMask = 2147483647;
			files = (
				52ED9BC451720DCC8898AD64 /* Pods_MarvelApp_MarvelAppUITests.framework in Frameworks */,
			);
			runOnlyForDeploymentPostprocessing = 0;
		};
/* End PBXFrameworksBuildPhase section */

/* Begin PBXGroup section */
		1D860E245C06291EE6C65E77 /* Frameworks */ = {
			isa = PBXGroup;
			children = (
				88C21FDF248C24EE0046CF7B /* Alamofire.framework */,
				88C21FD5248C20C80046CF7B /* RxBlocking.framework */,
				88C21FD7248C20C80046CF7B /* RxCocoa.framework */,
				88C21FD9248C20C80046CF7B /* RxRelay.framework */,
				88C21FDB248C20C80046CF7B /* RxSwift.framework */,
				88C21FDD248C20C80046CF7B /* RxTest.framework */,
				88C21FC5248C20B60046CF7B /* RxBlocking.framework */,
				88C21FC7248C20B60046CF7B /* RxCocoa.framework */,
				88C21FC9248C20B60046CF7B /* RxRelay.framework */,
				88C21FCB248C20B60046CF7B /* RxSwift.framework */,
				88C21FCD248C20B60046CF7B /* RxTest.framework */,
				41A88615E195BEB781D36682 /* Pods_MarvelApp.framework */,
				6593D690487B206F68E63301 /* Pods_MarvelApp_MarvelAppUITests.framework */,
				73808093EC5EF7130491CA40 /* Pods_MarvelAppTests.framework */,
			);
			name = Frameworks;
			sourceTree = "<group>";
		};
		8867E92424892D3200F2648D = {
			isa = PBXGroup;
			children = (
				8867E92F24892D3200F2648D /* MarvelApp */,
				8867E94624892D3300F2648D /* MarvelAppTests */,
				8867E95124892D3300F2648D /* MarvelAppUITests */,
				8867E92E24892D3200F2648D /* Products */,
				EABB76A20CFC22566F38C7E1 /* Pods */,
				1D860E245C06291EE6C65E77 /* Frameworks */,
			);
			sourceTree = "<group>";
		};
		8867E92E24892D3200F2648D /* Products */ = {
			isa = PBXGroup;
			children = (
				8867E92D24892D3200F2648D /* MarvelApp.app */,
				8867E94324892D3300F2648D /* MarvelAppTests.xctest */,
				8867E94E24892D3300F2648D /* MarvelAppUITests.xctest */,
			);
			name = Products;
			sourceTree = "<group>";
		};
		8867E92F24892D3200F2648D /* MarvelApp */ = {
			isa = PBXGroup;
			children = (
				8867E96E248934E200F2648D /* ApiService */,
				8867E96A248934E200F2648D /* Coordinator */,
				8867E960248934E200F2648D /* Model */,
				8867E962248934E200F2648D /* View - ViewModel */,
				8867E93024892D3200F2648D /* AppDelegate.swift */,
				8867E93224892D3200F2648D /* SceneDelegate.swift */,
				8867E93E24892D3200F2648D /* Info.plist */,
				8867E9802489352300F2648D /* Supporting Files */,
			);
			path = MarvelApp;
			sourceTree = "<group>";
		};
		8867E94624892D3300F2648D /* MarvelAppTests */ = {
			isa = PBXGroup;
			children = (
				8867E982248936FE00F2648D /* MarvelApiServiceTest.swift */,
				8867E981248936FE00F2648D /* MasterViewModelTest.swift */,
				8867E983248936FE00F2648D /* MockApiService.swift */,
				8867E94924892D3300F2648D /* Info.plist */,
			);
			path = MarvelAppTests;
			sourceTree = "<group>";
		};
		8867E95124892D3300F2648D /* MarvelAppUITests */ = {
			isa = PBXGroup;
			children = (
				8867E95224892D3300F2648D /* MarvelAppUITests.swift */,
				8867E95424892D3300F2648D /* Info.plist */,
			);
			path = MarvelAppUITests;
			sourceTree = "<group>";
		};
		8867E960248934E200F2648D /* Model */ = {
			isa = PBXGroup;
			children = (
				8867E961248934E200F2648D /* Models.swift */,
			);
			path = Model;
			sourceTree = "<group>";
		};
		8867E962248934E200F2648D /* View - ViewModel */ = {
			isa = PBXGroup;
			children = (
				8867E97E2489350F00F2648D /* Main.storyboard */,
				8867E963248934E200F2648D /* Details */,
				8867E966248934E200F2648D /* Master */,
			);
			path = "View - ViewModel";
			sourceTree = "<group>";
		};
		8867E963248934E200F2648D /* Details */ = {
			isa = PBXGroup;
			children = (
				8867E964248934E200F2648D /* DetailViewController.swift */,
				8867E965248934E200F2648D /* CollectionViewCell.swift */,
			);
			path = Details;
			sourceTree = "<group>";
		};
		8867E966248934E200F2648D /* Master */ = {
			isa = PBXGroup;
			children = (
				8867E967248934E200F2648D /* TableViewCell.swift */,
				8867E968248934E200F2648D /* MasterViewModel.swift */,
				8867E969248934E200F2648D /* MasterViewController.swift */,
			);
			path = Master;
			sourceTree = "<group>";
		};
		8867E96A248934E200F2648D /* Coordinator */ = {
			isa = PBXGroup;
			children = (
				8867E96B248934E200F2648D /* AppCoordinator.swift */,
				8867E96C248934E200F2648D /* VCInstantiator.swift */,
				8867E96D248934E200F2648D /* Coordinator.swift */,
			);
			path = Coordinator;
			sourceTree = "<group>";
		};
		8867E96E248934E200F2648D /* ApiService */ = {
			isa = PBXGroup;
			children = (
				8867E96F248934E200F2648D /* ApiService.swift */,
				8867E970248934E200F2648D /* MarvelApiConstants.swift */,
				8867E971248934E200F2648D /* FetchError.swift */,
			);
			path = ApiService;
			sourceTree = "<group>";
		};
		8867E9802489352300F2648D /* Supporting Files */ = {
			isa = PBXGroup;
			children = (
				8867E93924892D3200F2648D /* Assets.xcassets */,
				8867E93B24892D3200F2648D /* LaunchScreen.storyboard */,
			);
			path = "Supporting Files";
			sourceTree = "<group>";
		};
		EABB76A20CFC22566F38C7E1 /* Pods */ = {
			isa = PBXGroup;
			children = (
				12C9EF47654D8CD84AAE6BE4 /* Pods-MarvelApp.debug.xcconfig */,
				C859ECE32015037F38E36704 /* Pods-MarvelApp.release.xcconfig */,
				0496ED7EA99DA492D36919EA /* Pods-MarvelApp-MarvelAppUITests.debug.xcconfig */,
				7D0FEF9CED57F791D8F9D34E /* Pods-MarvelApp-MarvelAppUITests.release.xcconfig */,
				53026212709303E6A47A16C1 /* Pods-MarvelAppTests.debug.xcconfig */,
				627289F9C8513C57F5F3E59A /* Pods-MarvelAppTests.release.xcconfig */,
			);
			path = Pods;
			sourceTree = "<group>";
		};
/* End PBXGroup section */

/* Begin PBXNativeTarget section */
		8867E92C24892D3200F2648D /* MarvelApp */ = {
			isa = PBXNativeTarget;
			buildConfigurationList = 8867E95724892D3300F2648D /* Build configuration list for PBXNativeTarget "MarvelApp" */;
			buildPhases = (
				F2670CA3500E6540B14CB511 /* [CP] Check Pods Manifest.lock */,
				8867E92924892D3200F2648D /* Sources */,
				8867E92A24892D3200F2648D /* Frameworks */,
				8867E92B24892D3200F2648D /* Resources */,
				5C33EC178E7859D0BCD12B97 /* [CP] Embed Pods Frameworks */,
			);
			buildRules = (
			);
			dependencies = (
			);
			name = MarvelApp;
			productName = MarvelApp;
			productReference = 8867E92D24892D3200F2648D /* MarvelApp.app */;
			productType = "com.apple.product-type.application";
		};
		8867E94224892D3300F2648D /* MarvelAppTests */ = {
			isa = PBXNativeTarget;
			buildConfigurationList = 8867E95A24892D3300F2648D /* Build configuration list for PBXNativeTarget "MarvelAppTests" */;
			buildPhases = (
				2A8F227C7CE667DF8FCB5FEA /* [CP] Check Pods Manifest.lock */,
				8867E93F24892D3300F2648D /* Sources */,
				8867E94024892D3300F2648D /* Frameworks */,
				8867E94124892D3300F2648D /* Resources */,
				BD5EAAEF0F8231169C0AB987 /* [CP] Embed Pods Frameworks */,
			);
			buildRules = (
			);
			dependencies = (
				8867E94524892D3300F2648D /* PBXTargetDependency */,
			);
			name = MarvelAppTests;
			productName = MarvelAppTests;
			productReference = 8867E94324892D3300F2648D /* MarvelAppTests.xctest */;
			productType = "com.apple.product-type.bundle.unit-test";
		};
		8867E94D24892D3300F2648D /* MarvelAppUITests */ = {
			isa = PBXNativeTarget;
			buildConfigurationList = 8867E95D24892D3300F2648D /* Build configuration list for PBXNativeTarget "MarvelAppUITests" */;
			buildPhases = (
				D3CEF9B2693D4766B060BBA7 /* [CP] Check Pods Manifest.lock */,
				8867E94A24892D3300F2648D /* Sources */,
				8867E94B24892D3300F2648D /* Frameworks */,
				8867E94C24892D3300F2648D /* Resources */,
				62629E97AA891C1D44145899 /* [CP] Embed Pods Frameworks */,
			);
			buildRules = (
			);
			dependencies = (
				8867E95024892D3300F2648D /* PBXTargetDependency */,
			);
			name = MarvelAppUITests;
			productName = MarvelAppUITests;
			productReference = 8867E94E24892D3300F2648D /* MarvelAppUITests.xctest */;
			productType = "com.apple.product-type.bundle.ui-testing";
		};
/* End PBXNativeTarget section */

/* Begin PBXProject section */
		8867E92524892D3200F2648D /* Project object */ = {
			isa = PBXProject;
			attributes = {
				LastSwiftUpdateCheck = 1150;
				LastUpgradeCheck = 1150;
				ORGANIZATIONNAME = "zafer ertas";
				TargetAttributes = {
					8867E92C24892D3200F2648D = {
						CreatedOnToolsVersion = 11.5;
					};
					8867E94224892D3300F2648D = {
						CreatedOnToolsVersion = 11.5;
						TestTargetID = 8867E92C24892D3200F2648D;
					};
					8867E94D24892D3300F2648D = {
						CreatedOnToolsVersion = 11.5;
						TestTargetID = 8867E92C24892D3200F2648D;
					};
				};
			};
			buildConfigurationList = 8867E92824892D3200F2648D /* Build configuration list for PBXProject "MarvelApp" */;
			compatibilityVersion = "Xcode 9.3";
			developmentRegion = en;
			hasScannedForEncodings = 0;
			knownRegions = (
				en,
				Base,
			);
			mainGroup = 8867E92424892D3200F2648D;
			productRefGroup = 8867E92E24892D3200F2648D /* Products */;
			projectDirPath = "";
			projectRoot = "";
			targets = (
				8867E92C24892D3200F2648D /* MarvelApp */,
				8867E94224892D3300F2648D /* MarvelAppTests */,
				8867E94D24892D3300F2648D /* MarvelAppUITests */,
			);
		};
/* End PBXProject section */

/* Begin PBXResourcesBuildPhase section */
		8867E92B24892D3200F2648D /* Resources */ = {
			isa = PBXResourcesBuildPhase;
			buildActionMask = 2147483647;
			files = (
				8867E97F2489350F00F2648D /* Main.storyboard in Resources */,
				8867E93D24892D3200F2648D /* LaunchScreen.storyboard in Resources */,
				8867E93A24892D3200F2648D /* Assets.xcassets in Resources */,
			);
			runOnlyForDeploymentPostprocessing = 0;
		};
		8867E94124892D3300F2648D /* Resources */ = {
			isa = PBXResourcesBuildPhase;
			buildActionMask = 2147483647;
			files = (
			);
			runOnlyForDeploymentPostprocessing = 0;
		};
		8867E94C24892D3300F2648D /* Resources */ = {
			isa = PBXResourcesBuildPhase;
			buildActionMask = 2147483647;
			files = (
			);
			runOnlyForDeploymentPostprocessing = 0;
		};
/* End PBXResourcesBuildPhase section */

/* Begin PBXShellScriptBuildPhase section */
		2A8F227C7CE667DF8FCB5FEA /* [CP] Check Pods Manifest.lock */ = {
			isa = PBXShellScriptBuildPhase;
			buildActionMask = 2147483647;
			files = (
			);
			inputFileListPaths = (
			);
			inputPaths = (
				"${PODS_PODFILE_DIR_PATH}/Podfile.lock",
				"${PODS_ROOT}/Manifest.lock",
			);
			name = "[CP] Check Pods Manifest.lock";
			outputFileListPaths = (
			);
			outputPaths = (
				"$(DERIVED_FILE_DIR)/Pods-MarvelAppTests-checkManifestLockResult.txt",
			);
			runOnlyForDeploymentPostprocessing = 0;
			shellPath = /bin/sh;
			shellScript = "diff \"${PODS_PODFILE_DIR_PATH}/Podfile.lock\" \"${PODS_ROOT}/Manifest.lock\" > /dev/null\nif [ $? != 0 ] ; then\n    # print error to STDERR\n    echo \"error: The sandbox is not in sync with the Podfile.lock. Run 'pod install' or update your CocoaPods installation.\" >&2\n    exit 1\nfi\n# This output is used by Xcode 'outputs' to avoid re-running this script phase.\necho \"SUCCESS\" > \"${SCRIPT_OUTPUT_FILE_0}\"\n";
			showEnvVarsInLog = 0;
		};
		5C33EC178E7859D0BCD12B97 /* [CP] Embed Pods Frameworks */ = {
			isa = PBXShellScriptBuildPhase;
			buildActionMask = 2147483647;
			files = (
			);
			inputFileListPaths = (
				"${PODS_ROOT}/Target Support Files/Pods-MarvelApp/Pods-MarvelApp-frameworks-${CONFIGURATION}-input-files.xcfilelist",
			);
			name = "[CP] Embed Pods Frameworks";
			outputFileListPaths = (
				"${PODS_ROOT}/Target Support Files/Pods-MarvelApp/Pods-MarvelApp-frameworks-${CONFIGURATION}-output-files.xcfilelist",
			);
			runOnlyForDeploymentPostprocessing = 0;
			shellPath = /bin/sh;
			shellScript = "\"${PODS_ROOT}/Target Support Files/Pods-MarvelApp/Pods-MarvelApp-frameworks.sh\"\n";
			showEnvVarsInLog = 0;
		};
		62629E97AA891C1D44145899 /* [CP] Embed Pods Frameworks */ = {
			isa = PBXShellScriptBuildPhase;
			buildActionMask = 2147483647;
			files = (
			);
			inputFileListPaths = (
				"${PODS_ROOT}/Target Support Files/Pods-MarvelApp-MarvelAppUITests/Pods-MarvelApp-MarvelAppUITests-frameworks-${CONFIGURATION}-input-files.xcfilelist",
			);
			name = "[CP] Embed Pods Frameworks";
			outputFileListPaths = (
				"${PODS_ROOT}/Target Support Files/Pods-MarvelApp-MarvelAppUITests/Pods-MarvelApp-MarvelAppUITests-frameworks-${CONFIGURATION}-output-files.xcfilelist",
			);
			runOnlyForDeploymentPostprocessing = 0;
			shellPath = /bin/sh;
			shellScript = "\"${PODS_ROOT}/Target Support Files/Pods-MarvelApp-MarvelAppUITests/Pods-MarvelApp-MarvelAppUITests-frameworks.sh\"\n";
			showEnvVarsInLog = 0;
		};
		BD5EAAEF0F8231169C0AB987 /* [CP] Embed Pods Frameworks */ = {
			isa = PBXShellScriptBuildPhase;
			buildActionMask = 2147483647;
			files = (
			);
			inputFileListPaths = (
				"${PODS_ROOT}/Target Support Files/Pods-MarvelAppTests/Pods-MarvelAppTests-frameworks-${CONFIGURATION}-input-files.xcfilelist",
			);
			name = "[CP] Embed Pods Frameworks";
			outputFileListPaths = (
				"${PODS_ROOT}/Target Support Files/Pods-MarvelAppTests/Pods-MarvelAppTests-frameworks-${CONFIGURATION}-output-files.xcfilelist",
			);
			runOnlyForDeploymentPostprocessing = 0;
			shellPath = /bin/sh;
			shellScript = "\"${PODS_ROOT}/Target Support Files/Pods-MarvelAppTests/Pods-MarvelAppTests-frameworks.sh\"\n";
			showEnvVarsInLog = 0;
		};
		D3CEF9B2693D4766B060BBA7 /* [CP] Check Pods Manifest.lock */ = {
			isa = PBXShellScriptBuildPhase;
			buildActionMask = 2147483647;
			files = (
			);
			inputFileListPaths = (
			);
			inputPaths = (
				"${PODS_PODFILE_DIR_PATH}/Podfile.lock",
				"${PODS_ROOT}/Manifest.lock",
			);
			name = "[CP] Check Pods Manifest.lock";
			outputFileListPaths = (
			);
			outputPaths = (
				"$(DERIVED_FILE_DIR)/Pods-MarvelApp-MarvelAppUITests-checkManifestLockResult.txt",
			);
			runOnlyForDeploymentPostprocessing = 0;
			shellPath = /bin/sh;
			shellScript = "diff \"${PODS_PODFILE_DIR_PATH}/Podfile.lock\" \"${PODS_ROOT}/Manifest.lock\" > /dev/null\nif [ $? != 0 ] ; then\n    # print error to STDERR\n    echo \"error: The sandbox is not in sync with the Podfile.lock. Run 'pod install' or update your CocoaPods installation.\" >&2\n    exit 1\nfi\n# This output is used by Xcode 'outputs' to avoid re-running this script phase.\necho \"SUCCESS\" > \"${SCRIPT_OUTPUT_FILE_0}\"\n";
			showEnvVarsInLog = 0;
		};
		F2670CA3500E6540B14CB511 /* [CP] Check Pods Manifest.lock */ = {
			isa = PBXShellScriptBuildPhase;
			buildActionMask = 2147483647;
			files = (
			);
			inputFileListPaths = (
			);
			inputPaths = (
				"${PODS_PODFILE_DIR_PATH}/Podfile.lock",
				"${PODS_ROOT}/Manifest.lock",
			);
			name = "[CP] Check Pods Manifest.lock";
			outputFileListPaths = (
			);
			outputPaths = (
				"$(DERIVED_FILE_DIR)/Pods-MarvelApp-checkManifestLockResult.txt",
			);
			runOnlyForDeploymentPostprocessing = 0;
			shellPath = /bin/sh;
			shellScript = "diff \"${PODS_PODFILE_DIR_PATH}/Podfile.lock\" \"${PODS_ROOT}/Manifest.lock\" > /dev/null\nif [ $? != 0 ] ; then\n    # print error to STDERR\n    echo \"error: The sandbox is not in sync with the Podfile.lock. Run 'pod install' or update your CocoaPods installation.\" >&2\n    exit 1\nfi\n# This output is used by Xcode 'outputs' to avoid re-running this script phase.\necho \"SUCCESS\" > \"${SCRIPT_OUTPUT_FILE_0}\"\n";
			showEnvVarsInLog = 0;
		};
/* End PBXShellScriptBuildPhase section */

/* Begin PBXSourcesBuildPhase section */
		8867E92924892D3200F2648D /* Sources */ = {
			isa = PBXSourcesBuildPhase;
			buildActionMask = 2147483647;
			files = (
				8867E976248934E200F2648D /* MasterViewModel.swift in Sources */,
				8867E97C248934E200F2648D /* MarvelApiConstants.swift in Sources */,
				8867E978248934E200F2648D /* AppCoordinator.swift in Sources */,
				8867E93124892D3200F2648D /* AppDelegate.swift in Sources */,
				8867E974248934E200F2648D /* CollectionViewCell.swift in Sources */,
				8867E973248934E200F2648D /* DetailViewController.swift in Sources */,
				8867E979248934E200F2648D /* VCInstantiator.swift in Sources */,
				8867E97B248934E200F2648D /* ApiService.swift in Sources */,
				8867E977248934E200F2648D /* MasterViewController.swift in Sources */,
				8867E97A248934E200F2648D /* Coordinator.swift in Sources */,
				8867E93324892D3200F2648D /* SceneDelegate.swift in Sources */,
				8867E97D248934E200F2648D /* FetchError.swift in Sources */,
				8867E975248934E200F2648D /* TableViewCell.swift in Sources */,
				8867E972248934E200F2648D /* Models.swift in Sources */,
			);
			runOnlyForDeploymentPostprocessing = 0;
		};
		8867E93F24892D3300F2648D /* Sources */ = {
			isa = PBXSourcesBuildPhase;
			buildActionMask = 2147483647;
			files = (
				8867E986248936FE00F2648D /* MockApiService.swift in Sources */,
				8867E985248936FE00F2648D /* MarvelApiServiceTest.swift in Sources */,
				8867E984248936FE00F2648D /* MasterViewModelTest.swift in Sources */,
			);
			runOnlyForDeploymentPostprocessing = 0;
		};
		8867E94A24892D3300F2648D /* Sources */ = {
			isa = PBXSourcesBuildPhase;
			buildActionMask = 2147483647;
			files = (
				8867E95324892D3300F2648D /* MarvelAppUITests.swift in Sources */,
			);
			runOnlyForDeploymentPostprocessing = 0;
		};
/* End PBXSourcesBuildPhase section */

/* Begin PBXTargetDependency section */
		8867E94524892D3300F2648D /* PBXTargetDependency */ = {
			isa = PBXTargetDependency;
			target = 8867E92C24892D3200F2648D /* MarvelApp */;
			targetProxy = 8867E94424892D3300F2648D /* PBXContainerItemProxy */;
		};
		8867E95024892D3300F2648D /* PBXTargetDependency */ = {
			isa = PBXTargetDependency;
			target = 8867E92C24892D3200F2648D /* MarvelApp */;
			targetProxy = 8867E94F24892D3300F2648D /* PBXContainerItemProxy */;
		};
/* End PBXTargetDependency section */

/* Begin PBXVariantGroup section */
		8867E93B24892D3200F2648D /* LaunchScreen.storyboard */ = {
			isa = PBXVariantGroup;
			children = (
				8867E93C24892D3200F2648D /* Base */,
			);
			name = LaunchScreen.storyboard;
			sourceTree = "<group>";
		};
/* End PBXVariantGroup section */

/* Begin XCBuildConfiguration section */
		8867E95524892D3300F2648D /* Debug */ = {
			isa = XCBuildConfiguration;
			buildSettings = {
				ALWAYS_SEARCH_USER_PATHS = NO;
				CLANG_ANALYZER_NONNULL = YES;
				CLANG_ANALYZER_NUMBER_OBJECT_CONVERSION = YES_AGGRESSIVE;
				CLANG_CXX_LANGUAGE_STANDARD = "gnu++14";
				CLANG_CXX_LIBRARY = "libc++";
				CLANG_ENABLE_MODULES = YES;
				CLANG_ENABLE_OBJC_ARC = YES;
				CLANG_ENABLE_OBJC_WEAK = YES;
				CLANG_WARN_BLOCK_CAPTURE_AUTORELEASING = YES;
				CLANG_WARN_BOOL_CONVERSION = YES;
				CLANG_WARN_COMMA = YES;
				CLANG_WARN_CONSTANT_CONVERSION = YES;
				CLANG_WARN_DEPRECATED_OBJC_IMPLEMENTATIONS = YES;
				CLANG_WARN_DIRECT_OBJC_ISA_USAGE = YES_ERROR;
				CLANG_WARN_DOCUMENTATION_COMMENTS = YES;
				CLANG_WARN_EMPTY_BODY = YES;
				CLANG_WARN_ENUM_CONVERSION = YES;
				CLANG_WARN_INFINITE_RECURSION = YES;
				CLANG_WARN_INT_CONVERSION = YES;
				CLANG_WARN_NON_LITERAL_NULL_CONVERSION = YES;
				CLANG_WARN_OBJC_IMPLICIT_RETAIN_SELF = YES;
				CLANG_WARN_OBJC_LITERAL_CONVERSION = YES;
				CLANG_WARN_OBJC_ROOT_CLASS = YES_ERROR;
				CLANG_WARN_RANGE_LOOP_ANALYSIS = YES;
				CLANG_WARN_STRICT_PROTOTYPES = YES;
				CLANG_WARN_SUSPICIOUS_MOVE = YES;
				CLANG_WARN_UNGUARDED_AVAILABILITY = YES_AGGRESSIVE;
				CLANG_WARN_UNREACHABLE_CODE = YES;
				CLANG_WARN__DUPLICATE_METHOD_MATCH = YES;
				COPY_PHASE_STRIP = NO;
				DEBUG_INFORMATION_FORMAT = dwarf;
				ENABLE_STRICT_OBJC_MSGSEND = YES;
				ENABLE_TESTABILITY = YES;
				GCC_C_LANGUAGE_STANDARD = gnu11;
				GCC_DYNAMIC_NO_PIC = NO;
				GCC_NO_COMMON_BLOCKS = YES;
				GCC_OPTIMIZATION_LEVEL = 0;
				GCC_PREPROCESSOR_DEFINITIONS = (
					"DEBUG=1",
					"$(inherited)",
				);
				GCC_WARN_64_TO_32_BIT_CONVERSION = YES;
				GCC_WARN_ABOUT_RETURN_TYPE = YES_ERROR;
				GCC_WARN_UNDECLARED_SELECTOR = YES;
				GCC_WARN_UNINITIALIZED_AUTOS = YES_AGGRESSIVE;
				GCC_WARN_UNUSED_FUNCTION = YES;
				GCC_WARN_UNUSED_VARIABLE = YES;
				IPHONEOS_DEPLOYMENT_TARGET = 13.5;
				MTL_ENABLE_DEBUG_INFO = INCLUDE_SOURCE;
				MTL_FAST_MATH = YES;
				ONLY_ACTIVE_ARCH = YES;
				SDKROOT = iphoneos;
				SWIFT_ACTIVE_COMPILATION_CONDITIONS = DEBUG;
				SWIFT_OPTIMIZATION_LEVEL = "-Onone";
			};
			name = Debug;
		};
		8867E95624892D3300F2648D /* Release */ = {
			isa = XCBuildConfiguration;
			buildSettings = {
				ALWAYS_SEARCH_USER_PATHS = NO;
				CLANG_ANALYZER_NONNULL = YES;
				CLANG_ANALYZER_NUMBER_OBJECT_CONVERSION = YES_AGGRESSIVE;
				CLANG_CXX_LANGUAGE_STANDARD = "gnu++14";
				CLANG_CXX_LIBRARY = "libc++";
				CLANG_ENABLE_MODULES = YES;
				CLANG_ENABLE_OBJC_ARC = YES;
				CLANG_ENABLE_OBJC_WEAK = YES;
				CLANG_WARN_BLOCK_CAPTURE_AUTORELEASING = YES;
				CLANG_WARN_BOOL_CONVERSION = YES;
				CLANG_WARN_COMMA = YES;
				CLANG_WARN_CONSTANT_CONVERSION = YES;
				CLANG_WARN_DEPRECATED_OBJC_IMPLEMENTATIONS = YES;
				CLANG_WARN_DIRECT_OBJC_ISA_USAGE = YES_ERROR;
				CLANG_WARN_DOCUMENTATION_COMMENTS = YES;
				CLANG_WARN_EMPTY_BODY = YES;
				CLANG_WARN_ENUM_CONVERSION = YES;
				CLANG_WARN_INFINITE_RECURSION = YES;
				CLANG_WARN_INT_CONVERSION = YES;
				CLANG_WARN_NON_LITERAL_NULL_CONVERSION = YES;
				CLANG_WARN_OBJC_IMPLICIT_RETAIN_SELF = YES;
				CLANG_WARN_OBJC_LITERAL_CONVERSION = YES;
				CLANG_WARN_OBJC_ROOT_CLASS = YES_ERROR;
				CLANG_WARN_RANGE_LOOP_ANALYSIS = YES;
				CLANG_WARN_STRICT_PROTOTYPES = YES;
				CLANG_WARN_SUSPICIOUS_MOVE = YES;
				CLANG_WARN_UNGUARDED_AVAILABILITY = YES_AGGRESSIVE;
				CLANG_WARN_UNREACHABLE_CODE = YES;
				CLANG_WARN__DUPLICATE_METHOD_MATCH = YES;
				COPY_PHASE_STRIP = NO;
				DEBUG_INFORMATION_FORMAT = "dwarf-with-dsym";
				ENABLE_NS_ASSERTIONS = NO;
				ENABLE_STRICT_OBJC_MSGSEND = YES;
				GCC_C_LANGUAGE_STANDARD = gnu11;
				GCC_NO_COMMON_BLOCKS = YES;
				GCC_WARN_64_TO_32_BIT_CONVERSION = YES;
				GCC_WARN_ABOUT_RETURN_TYPE = YES_ERROR;
				GCC_WARN_UNDECLARED_SELECTOR = YES;
				GCC_WARN_UNINITIALIZED_AUTOS = YES_AGGRESSIVE;
				GCC_WARN_UNUSED_FUNCTION = YES;
				GCC_WARN_UNUSED_VARIABLE = YES;
				IPHONEOS_DEPLOYMENT_TARGET = 13.5;
				MTL_ENABLE_DEBUG_INFO = NO;
				MTL_FAST_MATH = YES;
				SDKROOT = iphoneos;
				SWIFT_COMPILATION_MODE = wholemodule;
				SWIFT_OPTIMIZATION_LEVEL = "-O";
				VALIDATE_PRODUCT = YES;
			};
			name = Release;
		};
		8867E95824892D3300F2648D /* Debug */ = {
			isa = XCBuildConfiguration;
			baseConfigurationReference = 12C9EF47654D8CD84AAE6BE4 /* Pods-MarvelApp.debug.xcconfig */;
			buildSettings = {
				ASSETCATALOG_COMPILER_APPICON_NAME = AppIcon;
				CODE_SIGN_STYLE = Automatic;
				DEVELOPMENT_TEAM = 8QXLXVQWD7;
				INFOPLIST_FILE = MarvelApp/Info.plist;
				LD_RUNPATH_SEARCH_PATHS = (
					"$(inherited)",
					"@executable_path/Frameworks",
				);
				PRODUCT_BUNDLE_IDENTIFIER = xxx.MarvelApp;
				PRODUCT_NAME = "$(TARGET_NAME)";
				SWIFT_VERSION = 5.0;
				TARGETED_DEVICE_FAMILY = "1,2";
			};
			name = Debug;
		};
		8867E95924892D3300F2648D /* Release */ = {
			isa = XCBuildConfiguration;
			baseConfigurationReference = C859ECE32015037F38E36704 /* Pods-MarvelApp.release.xcconfig */;
			buildSettings = {
				ASSETCATALOG_COMPILER_APPICON_NAME = AppIcon;
				CODE_SIGN_STYLE = Automatic;
				DEVELOPMENT_TEAM = 8QXLXVQWD7;
				INFOPLIST_FILE = MarvelApp/Info.plist;
				LD_RUNPATH_SEARCH_PATHS = (
					"$(inherited)",
					"@executable_path/Frameworks",
				);
				PRODUCT_BUNDLE_IDENTIFIER = xxx.MarvelApp;
				PRODUCT_NAME = "$(TARGET_NAME)";
				SWIFT_VERSION = 5.0;
				TARGETED_DEVICE_FAMILY = "1,2";
			};
			name = Release;
		};
		8867E95B24892D3300F2648D /* Debug */ = {
			isa = XCBuildConfiguration;
			baseConfigurationReference = 53026212709303E6A47A16C1 /* Pods-MarvelAppTests.debug.xcconfig */;
			buildSettings = {
				ALWAYS_EMBED_SWIFT_STANDARD_LIBRARIES = "$(inherited)";
				BUNDLE_LOADER = "$(TEST_HOST)";
				CODE_SIGN_STYLE = Automatic;
				INFOPLIST_FILE = MarvelAppTests/Info.plist;
				IPHONEOS_DEPLOYMENT_TARGET = 13.5;
				LD_RUNPATH_SEARCH_PATHS = (
					"$(inherited)",
					"@executable_path/Frameworks",
					"@loader_path/Frameworks",
				);
				PRODUCT_BUNDLE_IDENTIFIER = xxx.MarvelAppTests;
				PRODUCT_NAME = "$(TARGET_NAME)";
				SWIFT_VERSION = 5.0;
				TARGETED_DEVICE_FAMILY = "1,2";
				TEST_HOST = "$(BUILT_PRODUCTS_DIR)/MarvelApp.app/MarvelApp";
			};
			name = Debug;
		};
		8867E95C24892D3300F2648D /* Release */ = {
			isa = XCBuildConfiguration;
			baseConfigurationReference = 627289F9C8513C57F5F3E59A /* Pods-MarvelAppTests.release.xcconfig */;
			buildSettings = {
				ALWAYS_EMBED_SWIFT_STANDARD_LIBRARIES = "$(inherited)";
				BUNDLE_LOADER = "$(TEST_HOST)";
				CODE_SIGN_STYLE = Automatic;
				INFOPLIST_FILE = MarvelAppTests/Info.plist;
				IPHONEOS_DEPLOYMENT_TARGET = 13.5;
				LD_RUNPATH_SEARCH_PATHS = (
					"$(inherited)",
					"@executable_path/Frameworks",
					"@loader_path/Frameworks",
				);
				PRODUCT_BUNDLE_IDENTIFIER = xxx.MarvelAppTests;
				PRODUCT_NAME = "$(TARGET_NAME)";
				SWIFT_VERSION = 5.0;
				TARGETED_DEVICE_FAMILY = "1,2";
				TEST_HOST = "$(BUILT_PRODUCTS_DIR)/MarvelApp.app/MarvelApp";
			};
			name = Release;
		};
		8867E95E24892D3300F2648D /* Debug */ = {
			isa = XCBuildConfiguration;
			baseConfigurationReference = 0496ED7EA99DA492D36919EA /* Pods-MarvelApp-MarvelAppUITests.debug.xcconfig */;
			buildSettings = {
				ALWAYS_EMBED_SWIFT_STANDARD_LIBRARIES = "$(inherited)";
				CODE_SIGN_STYLE = Automatic;
				INFOPLIST_FILE = MarvelAppUITests/Info.plist;
				LD_RUNPATH_SEARCH_PATHS = (
					"$(inherited)",
					"@executable_path/Frameworks",
					"@loader_path/Frameworks",
				);
				PRODUCT_BUNDLE_IDENTIFIER = xxx.MarvelAppUITests;
				PRODUCT_NAME = "$(TARGET_NAME)";
				SWIFT_VERSION = 5.0;
				TARGETED_DEVICE_FAMILY = "1,2";
				TEST_TARGET_NAME = MarvelApp;
			};
			name = Debug;
		};
		8867E95F24892D3300F2648D /* Release */ = {
			isa = XCBuildConfiguration;
			baseConfigurationReference = 7D0FEF9CED57F791D8F9D34E /* Pods-MarvelApp-MarvelAppUITests.release.xcconfig */;
			buildSettings = {
				ALWAYS_EMBED_SWIFT_STANDARD_LIBRARIES = "$(inherited)";
				CODE_SIGN_STYLE = Automatic;
				INFOPLIST_FILE = MarvelAppUITests/Info.plist;
				LD_RUNPATH_SEARCH_PATHS = (
					"$(inherited)",
					"@executable_path/Frameworks",
					"@loader_path/Frameworks",
				);
				PRODUCT_BUNDLE_IDENTIFIER = xxx.MarvelAppUITests;
				PRODUCT_NAME = "$(TARGET_NAME)";
				SWIFT_VERSION = 5.0;
				TARGETED_DEVICE_FAMILY = "1,2";
				TEST_TARGET_NAME = MarvelApp;
			};
			name = Release;
		};
/* End XCBuildConfiguration section */

/* Begin XCConfigurationList section */
		8867E92824892D3200F2648D /* Build configuration list for PBXProject "MarvelApp" */ = {
			isa = XCConfigurationList;
			buildConfigurations = (
				8867E95524892D3300F2648D /* Debug */,
				8867E95624892D3300F2648D /* Release */,
			);
			defaultConfigurationIsVisible = 0;
			defaultConfigurationName = Release;
		};
		8867E95724892D3300F2648D /* Build configuration list for PBXNativeTarget "MarvelApp" */ = {
			isa = XCConfigurationList;
			buildConfigurations = (
				8867E95824892D3300F2648D /* Debug */,
				8867E95924892D3300F2648D /* Release */,
			);
			defaultConfigurationIsVisible = 0;
			defaultConfigurationName = Release;
		};
		8867E95A24892D3300F2648D /* Build configuration list for PBXNativeTarget "MarvelAppTests" */ = {
			isa = XCConfigurationList;
			buildConfigurations = (
				8867E95B24892D3300F2648D /* Debug */,
				8867E95C24892D3300F2648D /* Release */,
			);
			defaultConfigurationIsVisible = 0;
			defaultConfigurationName = Release;
		};
		8867E95D24892D3300F2648D /* Build configuration list for PBXNativeTarget "MarvelAppUITests" */ = {
			isa = XCConfigurationList;
			buildConfigurations = (
				8867E95E24892D3300F2648D /* Debug */,
				8867E95F24892D3300F2648D /* Release */,
			);
			defaultConfigurationIsVisible = 0;
			defaultConfigurationName = Release;
		};
/* End XCConfigurationList section */
	};
	rootObject = 8867E92524892D3200F2648D /* Project object */;
}
